
Microsoft Visual Studio Solution File, Format Version 12.00
# Visual Studio 15

Project("{FAE04EC0-301F-11D3-BF4B-00C04F79EFBC}") = "app", "app\app.csproj", "{A7309899-A798-40E8-B753-6C9CEB3FC2B0}"
EndProject
Project("{FAE04EC0-301F-11D3-BF4B-00C04F79EFBC}") = "INVENIO", "INVENIO\INVENIO.csproj", "{B1135A1B-8B04-4A78-9784-CCDD696A0A83}"
EndProject

Project("{2150E333-8FDC-42A3-9474-1A3956D46DE8}") = "Code On Time Items", "Code On Time Items", "{D55A371F-5F75-409D-94CD-75344A844723}"
	ProjectSection(SolutionItems) = preProject
		ClientLibrary.en-US.txt = ClientLibrary.en-US.txt
		ClientLibrary.es-ES.txt = ClientLibrary.es-ES.txt
		DataAquarium.Project.xml = DataAquarium.Project.xml
		DataAquarium.Version.xml = DataAquarium.Version.xml
	EndProjectSection
EndProject
Global
	GlobalSection(SolutionConfigurationPlatforms) = preSolution
		Debug|Any CPU = Debug|Any CPU
		Release|Any CPU = Release|Any CPU
	EndGlobalSection
	GlobalSection(ProjectConfigurationPlatforms) = postSolution
		{B1135A1B-8B04-4A78-9784-CCDD696A0A83}.Debug|Any CPU.ActiveCfg = Debug|Any CPU
		{B1135A1B-8B04-4A78-9784-CCDD696A0A83}.Debug|Any CPU.Build.0 = Debug|Any CPU
		{B1135A1B-8B04-4A78-9784-CCDD696A0A83}.Release|Any CPU.ActiveCfg = Release|Any CPU
		{B1135A1B-8B04-4A78-9784-CCDD696A0A83}.Release|Any CPU.Build.0 = Release|Any CPU
		{A7309899-A798-40E8-B753-6C9CEB3FC2B0}.Debug|Any CPU.ActiveCfg = Debug|Any CPU
		{A7309899-A798-40E8-B753-6C9CEB3FC2B0}.Debug|Any CPU.Build.0 = Debug|Any CPU
		{A7309899-A798-40E8-B753-6C9CEB3FC2B0}.Release|Any CPU.ActiveCfg = Release|Any CPU
		{A7309899-A798-40E8-B753-6C9CEB3FC2B0}.Release|Any CPU.Build.0 = Release|Any CPU
	EndGlobalSection
	GlobalSection(SolutionProperties) = preSolution
		HideSolutionNode = FALSE
	EndGlobalSection
EndGlobal
